
Microsoft Visual Studio Solution File, Format Version 12.00
# Visual Studio Version 16
VisualStudioVersion = 25.0.1706.4
MinimumVisualStudioVersion = 10.0.40219.1
Project("{FAE04EC0-301F-11D3-BF4B-00C04F79EFBC}") = "CardDeckExample", "CardDeckExample\CardDeckExample.csproj", "{11E77629-47F9-47B0-A255-1DFD176366C4}"
EndProject
Global
	GlobalSection(SolutionConfigurationPlatforms) = preSolution
		Debug|Any CPU = Debug|Any CPU
		Release|Any CPU = Release|Any CPU
	EndGlobalSection
	GlobalSection(ProjectConfigurationPlatforms) = postSolution
		{11E77629-47F9-47B0-A255-1DFD176366C4}.Debug|Any CPU.ActiveCfg = Debug|Any CPU
		{11E77629-47F9-47B0-A255-1DFD176366C4}.Debug|Any CPU.Build.0 = Debug|Any CPU
		{11E77629-47F9-47B0-A255-1DFD176366C4}.Release|Any CPU.ActiveCfg = Release|Any CPU
		{11E77629-47F9-47B0-A255-1DFD176366C4}.Release|Any CPU.Build.0 = Release|Any CPU
	EndGlobalSection
	GlobalSection(SolutionProperties) = preSolution
		HideSolutionNode = FALSE
	EndGlobalSection
	GlobalSection(ExtensibilityGlobals) = postSolution
		SolutionGuid = {1AEC2768-211D-4E45-A1F1-416A668D431D}
	EndGlobalSection
EndGlobal
